<?xml version="1.0" encoding="utf-8"?>
<Project ToolsVersion="4.0" xmlns="http://schemas.microsoft.com/developer/msbuild/2003">
  <ItemGroup>
    <Filter Include="소스 파일">
      <UniqueIdentifier>{4FC737F1-C7A5-4376-A066-2A32D752A2FF}</UniqueIdentifier>
      <Extensions>cpp;c;cc;cxx;def;odl;idl;hpj;bat;asm;asmx</Extensions>
    </Filter>
    <Filter Include="헤더 파일">
      <UniqueIdentifier>{93995380-89BD-4b04-88EB-625FBE52EBFB}</UniqueIdentifier>
      <Extensions>h;hh;hpp;hxx;hm;inl;inc;xsd</Extensions>
    </Filter>
    <Filter Include="리소스 파일">
      <UniqueIdentifier>{67DA6AB6-F800-4c08-8B7A-83BB121AAD01}</UniqueIdentifier>
      <Extensions>rc;ico;cur;bmp;dlg;rc2;rct;bin;rgs;gif;jpg;jpeg;jpe;resx;tiff;tif;png;wav;mfcribbon-ms</Extensions>
    </Filter>
  </ItemGroup>
  <ItemGroup>
    <ClCompile Include="2.프로그램의 기본구성.cpp">
      <Filter>소스 파일</Filter>
    </ClCompile>
    <ClCompile Include="4.데이터 표현방식.cpp">
      <Filter>소스 파일</Filter>
    </ClCompile>
    <ClCompile Include="3.변수와 연산자.cpp">
      <Filter>소스 파일</Filter>
    </ClCompile>
    <ClCompile Include="5.상수와 기본 자료형.cpp">
      <Filter>소스 파일</Filter>
    </ClCompile>
    <ClCompile Include="6.printf함수와 scanf함수 정리.cpp">
      <Filter>소스 파일</Filter>
    </ClCompile>
    <ClCompile Include="7.반복문.cpp">
      <Filter>소스 파일</Filter>
    </ClCompile>
    <ClCompile Include="8.조건에 따른 흐름의 분기.cpp">
      <Filter>소스 파일</Filter>
    </ClCompile>
    <ClCompile Include="10.배열.cpp">
      <Filter>소스 파일</Filter>
    </ClCompile>
    <ClCompile Include="11.포인터.cpp">
      <Filter>소스 파일</Filter>
    </ClCompile>
    <ClCompile Include="12.포인터와 배열.cpp">
      <Filter>소스 파일</Filter>
    </ClCompile>
    <ClCompile Include="13.포인터와 함수에 대한 이해.cpp">
      <Filter>소스 파일</Filter>
    </ClCompile>
    <ClCompile Include="14.다차원 배열.cpp">
      <Filter>소스 파일</Filter>
    </ClCompile>
    <ClCompile Include="15. 포인터의 포인터.cpp">
      <Filter>소스 파일</Filter>
    </ClCompile>
    <ClCompile Include="16.다차원 배열과 포인터의 관계.cpp">
      <Filter>소스 파일</Filter>
    </ClCompile>
    <ClCompile Include="17.함수포인터와 void 포인터.cpp">
      <Filter>소스 파일</Filter>
    </ClCompile>
    <ClCompile Include="18.문자와 문자열 관련 함수.cpp">
      <Filter>소스 파일</Filter>
    </ClCompile>
    <ClCompile Include="1.C언어란.cpp">
      <Filter>소스 파일</Filter>
    </ClCompile>
    <ClCompile Include="19.구조체.cpp">
      <Filter>소스 파일</Filter>
    </ClCompile>
    <ClCompile Include="21.파일 입출력.cpp">
      <Filter>소스 파일</Filter>
    </ClCompile>
    <ClCompile Include="22.메모리 관리와 메모리의 동적 할당.cpp">
      <Filter>소스 파일</Filter>
    </ClCompile>
    <ClCompile Include="23.매크로와 선행처리기.cpp">
      <Filter>소스 파일</Filter>
    </ClCompile>
    <ClCompile Include="24.파일 분할과 헤더파일.cpp">
      <Filter>소스 파일</Filter>
    </ClCompile>
  </ItemGroup>
  <ItemGroup>
    <None Include="9.함수.cpp">
      <Filter>소스 파일</Filter>
    </None>
    <None Include="20.구조체와 사용자 정의 자료형 2.cpp">
      <Filter>소스 파일</Filter>
    </None>
  </ItemGroup>
</Project>